
Microsoft Visual Studio Solution File, Format Version 12.00
# Visual Studio 15
VisualStudioVersion = 15.0.26228.4
MinimumVisualStudioVersion = 10.0.40219.1
Project("{FAE04EC0-301F-11D3-BF4B-00C04F79EFBC}") = "ExpandRegions.Vsix", "ExpandRegions.Vsix\ExpandRegions.Vsix.csproj", "{616DA56E-5029-4315-ABC8-BFC234AF4258}"
EndProject
Global
	GlobalSection(SolutionConfigurationPlatforms) = preSolution
		Debug|Any CPU = Debug|Any CPU
		Release|Any CPU = Release|Any CPU
	EndGlobalSection
	GlobalSection(ProjectConfigurationPlatforms) = postSolution
		{616DA56E-5029-4315-ABC8-BFC234AF4258}.Debug|Any CPU.ActiveCfg = Debug|Any CPU
		{616DA56E-5029-4315-ABC8-BFC234AF4258}.Debug|Any CPU.Build.0 = Debug|Any CPU
		{616DA56E-5029-4315-ABC8-BFC234AF4258}.Release|Any CPU.ActiveCfg = Release|Any CPU
		{616DA56E-5029-4315-ABC8-BFC234AF4258}.Release|Any CPU.Build.0 = Release|Any CPU
	EndGlobalSection
	GlobalSection(SolutionProperties) = preSolution
		HideSolutionNode = FALSE
	EndGlobalSection
	GlobalSection(ExtensibilityGlobals) = postSolution
		SolutionGuid = {4050AF24-3632-4D77-900F-6F35059BD31F}
	EndGlobalSection
EndGlobal
